
Microsoft Visual Studio Solution File, Format Version 12.00
# Visual Studio Version 17
VisualStudioVersion = 17.7.34018.315
MinimumVisualStudioVersion = 10.0.40219.1
Project("{FAE04EC0-301F-11D3-BF4B-00C04F79EFBC}") = "SistemaVenta.Entity", "SistemaVenta.Entity\SistemaVenta.Entity.csproj", "{C872B2EB-6D15-4A7B-AF45-4339CCD1FCE6}"
EndProject
Project("{FAE04EC0-301F-11D3-BF4B-00C04F79EFBC}") = "SistemaVenta.DAL", "SistemaVenta.DAL\SistemaVenta.DAL.csproj", "{1AC1FEB7-8850-4711-B8AF-1050BE513BD9}"
EndProject
Project("{FAE04EC0-301F-11D3-BF4B-00C04F79EFBC}") = "SistemaVenta.BLL", "SistemaVenta.BLL\SistemaVenta.BLL.csproj", "{25D699CD-A56F-40FB-A3E1-E78E21885399}"
EndProject
Project("{FAE04EC0-301F-11D3-BF4B-00C04F79EFBC}") = "SistemaVenta.IOC", "SistemaVenta.IOC\SistemaVenta.IOC.csproj", "{FF7292EA-E160-4786-8781-930CF3AD5150}"
EndProject
Project("{FAE04EC0-301F-11D3-BF4B-00C04F79EFBC}") = "SistemaVenta.AplicacionWeb", "SistemaVenta.AplicacionWeb\SistemaVenta.AplicacionWeb.csproj", "{C0B4DD64-4CCB-4CBC-AAB6-018C80B485AA}"
EndProject
Global
	GlobalSection(SolutionConfigurationPlatforms) = preSolution
		Debug|Any CPU = Debug|Any CPU
		Release|Any CPU = Release|Any CPU
	EndGlobalSection
	GlobalSection(ProjectConfigurationPlatforms) = postSolution
		{C872B2EB-6D15-4A7B-AF45-4339CCD1FCE6}.Debug|Any CPU.ActiveCfg = Debug|Any CPU
		{C872B2EB-6D15-4A7B-AF45-4339CCD1FCE6}.Debug|Any CPU.Build.0 = Debug|Any CPU
		{C872B2EB-6D15-4A7B-AF45-4339CCD1FCE6}.Release|Any CPU.ActiveCfg = Release|Any CPU
		{C872B2EB-6D15-4A7B-AF45-4339CCD1FCE6}.Release|Any CPU.Build.0 = Release|Any CPU
		{1AC1FEB7-8850-4711-B8AF-1050BE513BD9}.Debug|Any CPU.ActiveCfg = Debug|Any CPU
		{1AC1FEB7-8850-4711-B8AF-1050BE513BD9}.Debug|Any CPU.Build.0 = Debug|Any CPU
		{1AC1FEB7-8850-4711-B8AF-1050BE513BD9}.Release|Any CPU.ActiveCfg = Release|Any CPU
		{1AC1FEB7-8850-4711-B8AF-1050BE513BD9}.Release|Any CPU.Build.0 = Release|Any CPU
		{25D699CD-A56F-40FB-A3E1-E78E21885399}.Debug|Any CPU.ActiveCfg = Debug|Any CPU
		{25D699CD-A56F-40FB-A3E1-E78E21885399}.Debug|Any CPU.Build.0 = Debug|Any CPU
		{25D699CD-A56F-40FB-A3E1-E78E21885399}.Release|Any CPU.ActiveCfg = Release|Any CPU
		{25D699CD-A56F-40FB-A3E1-E78E21885399}.Release|Any CPU.Build.0 = Release|Any CPU
		{FF7292EA-E160-4786-8781-930CF3AD5150}.Debug|Any CPU.ActiveCfg = Debug|Any CPU
		{FF7292EA-E160-4786-8781-930CF3AD5150}.Debug|Any CPU.Build.0 = Debug|Any CPU
		{FF7292EA-E160-4786-8781-930CF3AD5150}.Release|Any CPU.ActiveCfg = Release|Any CPU
		{FF7292EA-E160-4786-8781-930CF3AD5150}.Release|Any CPU.Build.0 = Release|Any CPU
		{C0B4DD64-4CCB-4CBC-AAB6-018C80B485AA}.Debug|Any CPU.ActiveCfg = Debug|Any CPU
		{C0B4DD64-4CCB-4CBC-AAB6-018C80B485AA}.Debug|Any CPU.Build.0 = Debug|Any CPU
		{C0B4DD64-4CCB-4CBC-AAB6-018C80B485AA}.Release|Any CPU.ActiveCfg = Release|Any CPU
		{C0B4DD64-4CCB-4CBC-AAB6-018C80B485AA}.Release|Any CPU.Build.0 = Release|Any CPU
	EndGlobalSection
	GlobalSection(SolutionProperties) = preSolution
		HideSolutionNode = FALSE
	EndGlobalSection
	GlobalSection(ExtensibilityGlobals) = postSolution
		SolutionGuid = {EA17261C-C631-4DC6-B6CF-F1268D935E0C}
	EndGlobalSection
EndGlobal
